[root]
name = "rust-serde-benchmarks"
version = "0.0.1"
dependencies = [
 "bincode 0.4.0 (registry+https://github.com/rust-lang/crates.io-index)",
 "capnp 0.6.2 (registry+https://github.com/rust-lang/crates.io-index)",
 "capnpc 0.6.0 (registry+https://github.com/rust-lang/crates.io-index)",
 "num 0.1.31 (registry+https://github.com/rust-lang/crates.io-index)",
 "protobuf 1.0.18 (git+https://github.com/stepancheg/rust-protobuf)",
 "rmp 0.6.0 (registry+https://github.com/rust-lang/crates.io-index)",
 "rustc-serialize 0.3.18 (registry+https://github.com/rust-lang/crates.io-index)",
 "serde 0.6.13 (registry+https://github.com/rust-lang/crates.io-index)",
 "serde_json 0.6.0 (registry+https://github.com/rust-lang/crates.io-index)",
 "serde_macros 0.6.13 (registry+https://github.com/rust-lang/crates.io-index)",
 "spki-sexp 0.0.1 (git+https://github.com/cstorey/spki-sexp.rs)",
]

[[package]]
name = "aster"
version = "0.12.0"
source = "registry+https://github.com/rust-lang/crates.io-index"

[[package]]
name = "bincode"
version = "0.4.0"
source = "registry+https://github.com/rust-lang/crates.io-index"
dependencies = [
 "byteorder 0.3.13 (registry+https://github.com/rust-lang/crates.io-index)",
 "num 0.1.31 (registry+https://github.com/rust-lang/crates.io-index)",
 "rustc-serialize 0.3.18 (registry+https://github.com/rust-lang/crates.io-index)",
 "serde 0.6.13 (registry+https://github.com/rust-lang/crates.io-index)",
]

[[package]]
name = "byteorder"
version = "0.3.13"
source = "registry+https://github.com/rust-lang/crates.io-index"

[[package]]
name = "byteorder"
version = "0.4.2"
source = "registry+https://github.com/rust-lang/crates.io-index"

[[package]]
name = "capnp"
version = "0.6.2"
source = "registry+https://github.com/rust-lang/crates.io-index"
dependencies = [
 "byteorder 0.4.2 (registry+https://github.com/rust-lang/crates.io-index)",
]

[[package]]
name = "capnpc"
version = "0.6.0"
source = "registry+https://github.com/rust-lang/crates.io-index"
dependencies = [
 "capnp 0.6.2 (registry+https://github.com/rust-lang/crates.io-index)",
]

[[package]]
name = "libc"
version = "0.2.7"
source = "registry+https://github.com/rust-lang/crates.io-index"

[[package]]
name = "num"
version = "0.1.31"
source = "registry+https://github.com/rust-lang/crates.io-index"
dependencies = [
 "rand 0.3.14 (registry+https://github.com/rust-lang/crates.io-index)",
 "rustc-serialize 0.3.18 (registry+https://github.com/rust-lang/crates.io-index)",
]

[[package]]
name = "protobuf"
version = "1.0.18"
source = "git+https://github.com/stepancheg/rust-protobuf#76b317f2ddf2f911380e8ef607998191a453a2eb"

[[package]]
name = "quasi"
version = "0.6.0"
source = "registry+https://github.com/rust-lang/crates.io-index"

[[package]]
name = "quasi_codegen"
version = "0.6.0"
source = "registry+https://github.com/rust-lang/crates.io-index"
dependencies = [
 "aster 0.12.0 (registry+https://github.com/rust-lang/crates.io-index)",
]

[[package]]
name = "quasi_macros"
version = "0.6.0"
source = "registry+https://github.com/rust-lang/crates.io-index"
dependencies = [
 "quasi_codegen 0.6.0 (registry+https://github.com/rust-lang/crates.io-index)",
]

[[package]]
name = "quick-error"
version = "1.0.0"
source = "registry+https://github.com/rust-lang/crates.io-index"

[[package]]
name = "rand"
version = "0.3.14"
source = "registry+https://github.com/rust-lang/crates.io-index"
dependencies = [
 "libc 0.2.7 (registry+https://github.com/rust-lang/crates.io-index)",
]

[[package]]
name = "rmp"
version = "0.6.0"
source = "registry+https://github.com/rust-lang/crates.io-index"
dependencies = [
 "byteorder 0.4.2 (registry+https://github.com/rust-lang/crates.io-index)",
 "rustc-serialize 0.3.18 (registry+https://github.com/rust-lang/crates.io-index)",
 "serde 0.6.13 (registry+https://github.com/rust-lang/crates.io-index)",
]

[[package]]
name = "rustc-serialize"
version = "0.3.18"
source = "registry+https://github.com/rust-lang/crates.io-index"

[[package]]
name = "serde"
version = "0.6.13"
source = "registry+https://github.com/rust-lang/crates.io-index"
dependencies = [
 "num 0.1.31 (registry+https://github.com/rust-lang/crates.io-index)",
]

[[package]]
name = "serde_codegen"
version = "0.6.13"
source = "registry+https://github.com/rust-lang/crates.io-index"
dependencies = [
 "aster 0.12.0 (registry+https://github.com/rust-lang/crates.io-index)",
 "quasi 0.6.0 (registry+https://github.com/rust-lang/crates.io-index)",
 "quasi_macros 0.6.0 (registry+https://github.com/rust-lang/crates.io-index)",
]

[[package]]
name = "serde_json"
version = "0.6.0"
source = "registry+https://github.com/rust-lang/crates.io-index"
dependencies = [
 "num 0.1.31 (registry+https://github.com/rust-lang/crates.io-index)",
 "serde 0.6.13 (registry+https://github.com/rust-lang/crates.io-index)",
]

[[package]]
name = "serde_macros"
version = "0.6.13"
source = "registry+https://github.com/rust-lang/crates.io-index"
dependencies = [
 "serde_codegen 0.6.13 (registry+https://github.com/rust-lang/crates.io-index)",
]

[[package]]
name = "spki-sexp"
version = "0.0.1"
source = "git+https://github.com/cstorey/spki-sexp.rs#d4ffe980484cf61094fb9d188c3044a3b0e9ac9e"
dependencies = [
 "quick-error 1.0.0 (registry+https://github.com/rust-lang/crates.io-index)",
 "serde 0.6.13 (registry+https://github.com/rust-lang/crates.io-index)",
]

